// !$*UTF8*$!
{
	archiveVersion = 1;
	classes = {
	};
	objectVersion = 50;
	objects = {

/* Begin PBXBuildFile section */
		33353EFC26F4E94200063078 /* MemoryLeaksApp.swift in Sources */ = {isa = PBXBuildFile; fileRef = 33353EE926F4E93F00063078 /* MemoryLeaksApp.swift */; };
		33353EFD26F4E94200063078 /* MemoryLeaksApp.swift in Sources */ = {isa = PBXBuildFile; fileRef = 33353EE926F4E93F00063078 /* MemoryLeaksApp.swift */; };
		33353EFE26F4E94200063078 /* ContentView.swift in Sources */ = {isa = PBXBuildFile; fileRef = 33353EEA26F4E93F00063078 /* ContentView.swift */; };
		33353EFF26F4E94200063078 /* ContentView.swift in Sources */ = {isa = PBXBuildFile; fileRef = 33353EEA26F4E93F00063078 /* ContentView.swift */; };
		33353F0026F4E94200063078 /* Assets.xcassets in Resources */ = {isa = PBXBuildFile; fileRef = 33353EEB26F4E94200063078 /* Assets.xcassets */; };
		33353F0126F4E94200063078 /* Assets.xcassets in Resources */ = {isa = PBXBuildFile; fileRef = 33353EEB26F4E94200063078 /* Assets.xcassets */; };
		3343791326F4F005004EF5A4 /* Human.swift in Sources */ = {isa = PBXBuildFile; fileRef = 3343791226F4F005004EF5A4 /* Human.swift */; };
		3343791426F4F005004EF5A4 /* Human.swift in Sources */ = {isa = PBXBuildFile; fileRef = 3343791226F4F005004EF5A4 /* Human.swift */; };
/* End PBXBuildFile section */

/* Begin PBXFileReference section */
		33353EE926F4E93F00063078 /* MemoryLeaksApp.swift */ = {isa = PBXFileReference; lastKnownFileType = sourcecode.swift; path = MemoryLeaksApp.swift; sourceTree = "<group>"; };
		33353EEA26F4E93F00063078 /* ContentView.swift */ = {isa = PBXFileReference; lastKnownFileType = sourcecode.swift; path = ContentView.swift; sourceTree = "<group>"; };
		33353EEB26F4E94200063078 /* Assets.xcassets */ = {isa = PBXFileReference; lastKnownFileType = folder.assetcatalog; path = Assets.xcassets; sourceTree = "<group>"; };
		33353EF026F4E94200063078 /* MemoryLeaks.app */ = {isa = PBXFileReference; explicitFileType = wrapper.application; includeInIndex = 0; path = MemoryLeaks.app; sourceTree = BUILT_PRODUCTS_DIR; };
		33353EF326F4E94200063078 /* Info.plist */ = {isa = PBXFileReference; lastKnownFileType = text.plist.xml; path = Info.plist; sourceTree = "<group>"; };
		33353EF826F4E94200063078 /* MemoryLeaks.app */ = {isa = PBXFileReference; explicitFileType = wrapper.application; includeInIndex = 0; path = MemoryLeaks.app; sourceTree = BUILT_PRODUCTS_DIR; };
		33353EFA26F4E94200063078 /* Info.plist */ = {isa = PBXFileReference; lastKnownFileType = text.plist.xml; path = Info.plist; sourceTree = "<group>"; };
		33353EFB26F4E94200063078 /* macOS.entitlements */ = {isa = PBXFileReference; lastKnownFileType = text.plist.entitlements; path = macOS.entitlements; sourceTree = "<group>"; };
		3343791226F4F005004EF5A4 /* Human.swift */ = {isa = PBXFileReference; fileEncoding = 4; lastKnownFileType = sourcecode.swift; path = Human.swift; sourceTree = "<group>"; };
/* End PBXFileReference section */

/* Begin PBXFrameworksBuildPhase section */
		33353EED26F4E94200063078 /* Frameworks */ = {
			isa = PBXFrameworksBuildPhase;
			buildActionMask = 2147483647;
			files = (
			);
			runOnlyForDeploymentPostprocessing = 0;
		};
		33353EF526F4E94200063078 /* Frameworks */ = {
			isa = PBXFrameworksBuildPhase;
			buildActionMask = 2147483647;
			files = (
			);
			runOnlyForDeploymentPostprocessing = 0;
		};
/* End PBXFrameworksBuildPhase section */

/* Begin PBXGroup section */
		33353EE326F4E93E00063078 = {
			isa = PBXGroup;
			children = (
				33353EE826F4E93F00063078 /* Shared */,
				33353EF226F4E94200063078 /* iOS */,
				33353EF926F4E94200063078 /* macOS */,
				33353EF126F4E94200063078 /* Products */,
			);
			sourceTree = "<group>";
		};
		33353EE826F4E93F00063078 /* Shared */ = {
			isa = PBXGroup;
			children = (
				33353EE926F4E93F00063078 /* MemoryLeaksApp.swift */,
				33353EEA26F4E93F00063078 /* ContentView.swift */,
				3343791226F4F005004EF5A4 /* Human.swift */,
				33353EEB26F4E94200063078 /* Assets.xcassets */,
			);
			path = Shared;
			sourceTree = "<group>";
		};
		33353EF126F4E94200063078 /* Products */ = {
			isa = PBXGroup;
			children = (
				33353EF026F4E94200063078 /* MemoryLeaks.app */,
				33353EF826F4E94200063078 /* MemoryLeaks.app */,
			);
			name = Products;
			sourceTree = "<group>";
		};
		33353EF226F4E94200063078 /* iOS */ = {
			isa = PBXGroup;
			children = (
				33353EF326F4E94200063078 /* Info.plist */,
			);
			path = iOS;
			sourceTree = "<group>";
		};
		33353EF926F4E94200063078 /* macOS */ = {
			isa = PBXGroup;
			children = (
				33353EFA26F4E94200063078 /* Info.plist */,
				33353EFB26F4E94200063078 /* macOS.entitlements */,
			);
			path = macOS;
			sourceTree = "<group>";
		};
/* End PBXGroup section */

/* Begin PBXNativeTarget section */
		33353EEF26F4E94200063078 /* MemoryLeaks (iOS) */ = {
			isa = PBXNativeTarget;
			buildConfigurationList = 33353F0426F4E94300063078 /* Build configuration list for PBXNativeTarget "MemoryLeaks (iOS)" */;
			buildPhases = (
				33353EEC26F4E94200063078 /* Sources */,
				33353EED26F4E94200063078 /* Frameworks */,
				33353EEE26F4E94200063078 /* Resources */,
			);
			buildRules = (
			);
			dependencies = (
			);
			name = "MemoryLeaks (iOS)";
			productName = "MemoryLeaks (iOS)";
			productReference = 33353EF026F4E94200063078 /* MemoryLeaks.app */;
			productType = "com.apple.product-type.application";
		};
		33353EF726F4E94200063078 /* MemoryLeaks (macOS) */ = {
			isa = PBXNativeTarget;
			buildConfigurationList = 33353F0726F4E94300063078 /* Build configuration list for PBXNativeTarget "MemoryLeaks (macOS)" */;
			buildPhases = (
				33353EF426F4E94200063078 /* Sources */,
				33353EF526F4E94200063078 /* Frameworks */,
				33353EF626F4E94200063078 /* Resources */,
			);
			buildRules = (
			);
			dependencies = (
			);
			name = "MemoryLeaks (macOS)";
			productName = "MemoryLeaks (macOS)";
			productReference = 33353EF826F4E94200063078 /* MemoryLeaks.app */;
			productType = "com.apple.product-type.application";
		};
/* End PBXNativeTarget section */

/* Begin PBXProject section */
		33353EE426F4E93E00063078 /* Project object */ = {
			isa = PBXProject;
			attributes = {
				LastSwiftUpdateCheck = 1250;
				LastUpgradeCheck = 1250;
				TargetAttributes = {
					33353EEF26F4E94200063078 = {
						CreatedOnToolsVersion = 12.5;
					};
					33353EF726F4E94200063078 = {
						CreatedOnToolsVersion = 12.5;
					};
				};
			};
			buildConfigurationList = 33353EE726F4E93E00063078 /* Build configuration list for PBXProject "MemoryLeaks" */;
			compatibilityVersion = "Xcode 9.3";
			developmentRegion = en;
			hasScannedForEncodings = 0;
			knownRegions = (
				en,
				Base,
			);
			mainGroup = 33353EE326F4E93E00063078;
			productRefGroup = 33353EF126F4E94200063078 /* Products */;
			projectDirPath = "";
			projectRoot = "";
			targets = (
				33353EEF26F4E94200063078 /* MemoryLeaks (iOS) */,
				33353EF726F4E94200063078 /* MemoryLeaks (macOS) */,
			);
		};
/* End PBXProject section */

/* Begin PBXResourcesBuildPhase section */
		33353EEE26F4E94200063078 /* Resources */ = {
			isa = PBXResourcesBuildPhase;
			buildActionMask = 2147483647;
			files = (
				33353F0026F4E94200063078 /* Assets.xcassets in Resources */,
			);
			runOnlyForDeploymentPostprocessing = 0;
		};
		33353EF626F4E94200063078 /* Resources */ = {
			isa = PBXResourcesBuildPhase;
			buildActionMask = 2147483647;
			files = (
				33353F0126F4E94200063078 /* Assets.xcassets in Resources */,
			);
			runOnlyForDeploymentPostprocessing = 0;
		};
/* End PBXResourcesBuildPhase section */

/* Begin PBXSourcesBuildPhase section */
		33353EEC26F4E94200063078 /* Sources */ = {
			isa = PBXSourcesBuildPhase;
			buildActionMask = 2147483647;
			files = (
				33353EFE26F4E94200063078 /* ContentView.swift in Sources */,
				3343791326F4F005004EF5A4 /* Human.swift in Sources */,
				33353EFC26F4E94200063078 /* MemoryLeaksApp.swift in Sources */,
			);
			runOnlyForDeploymentPostprocessing = 0;
		};
		33353EF426F4E94200063078 /* Sources */ = {
			isa = PBXSourcesBuildPhase;
			buildActionMask = 2147483647;
			files = (
				33353EFF26F4E94200063078 /* ContentView.swift in Sources */,
				3343791426F4F005004EF5A4 /* Human.swift in Sources */,
				33353EFD26F4E94200063078 /* MemoryLeaksApp.swift in Sources */,
			);
			runOnlyForDeploymentPostprocessing = 0;
		};
/* End PBXSourcesBuildPhase section */

/* Begin XCBuildConfiguration section */
		33353F0226F4E94200063078 /* Debug */ = {
			isa = XCBuildConfiguration;
			buildSettings = {
				ALWAYS_SEARCH_USER_PATHS = NO;
				CLANG_ANALYZER_NONNULL = YES;
				CLANG_ANALYZER_NUMBER_OBJECT_CONVERSION = YES_AGGRESSIVE;
				CLANG_CXX_LANGUAGE_STANDARD = "gnu++14";
				CLANG_CXX_LIBRARY = "libc++";
				CLANG_ENABLE_MODULES = YES;
				CLANG_ENABLE_OBJC_ARC = YES;
				CLANG_ENABLE_OBJC_WEAK = YES;
				CLANG_WARN_BLOCK_CAPTURE_AUTORELEASING = YES;
				CLANG_WARN_BOOL_CONVERSION = YES;
				CLANG_WARN_COMMA = YES;
				CLANG_WARN_CONSTANT_CONVERSION = YES;
				CLANG_WARN_DEPRECATED_OBJC_IMPLEMENTATIONS = YES;
				CLANG_WARN_DIRECT_OBJC_ISA_USAGE = YES_ERROR;
				CLANG_WARN_DOCUMENTATION_COMMENTS = YES;
				CLANG_WARN_EMPTY_BODY = YES;
				CLANG_WARN_ENUM_CONVERSION = YES;
				CLANG_WARN_INFINITE_RECURSION = YES;
				CLANG_WARN_INT_CONVERSION = YES;
				CLANG_WARN_NON_LITERAL_NULL_CONVERSION = YES;
				CLANG_WARN_OBJC_IMPLICIT_RETAIN_SELF = YES;
				CLANG_WARN_OBJC_LITERAL_CONVERSION = YES;
				CLANG_WARN_OBJC_ROOT_CLASS = YES_ERROR;
				CLANG_WARN_QUOTED_INCLUDE_IN_FRAMEWORK_HEADER = YES;
				CLANG_WARN_RANGE_LOOP_ANALYSIS = YES;
				CLANG_WARN_STRICT_PROTOTYPES = YES;
				CLANG_WARN_SUSPICIOUS_MOVE = YES;
				CLANG_WARN_UNGUARDED_AVAILABILITY = YES_AGGRESSIVE;
				CLANG_WARN_UNREACHABLE_CODE = YES;
				CLANG_WARN__DUPLICATE_METHOD_MATCH = YES;
				COPY_PHASE_STRIP = NO;
				DEBUG_INFORMATION_FORMAT = dwarf;
				ENABLE_STRICT_OBJC_MSGSEND = YES;
				ENABLE_TESTABILITY = YES;
				GCC_C_LANGUAGE_STANDARD = gnu11;
				GCC_DYNAMIC_NO_PIC = NO;
				GCC_NO_COMMON_BLOCKS = YES;
				GCC_OPTIMIZATION_LEVEL = 0;
				GCC_PREPROCESSOR_DEFINITIONS = (
					"DEBUG=1",
					"$(inherited)",
				);
				GCC_WARN_64_TO_32_BIT_CONVERSION = YES;
				GCC_WARN_ABOUT_RETURN_TYPE = YES_ERROR;
				GCC_WARN_UNDECLARED_SELECTOR = YES;
				GCC_WARN_UNINITIALIZED_AUTOS = YES_AGGRESSIVE;
				GCC_WARN_UNUSED_FUNCTION = YES;
				GCC_WARN_UNUSED_VARIABLE = YES;
				MTL_ENABLE_DEBUG_INFO = INCLUDE_SOURCE;
				MTL_FAST_MATH = YES;
				ONLY_ACTIVE_ARCH = YES;
				SWIFT_ACTIVE_COMPILATION_CONDITIONS = DEBUG;
				SWIFT_OPTIMIZATION_LEVEL = "-Onone";
			};
			name = Debug;
		};
		33353F0326F4E94200063078 /* Release */ = {
			isa = XCBuildConfiguration;
			buildSettings = {
				ALWAYS_SEARCH_USER_PATHS = NO;
				CLANG_ANALYZER_NONNULL = YES;
				CLANG_ANALYZER_NUMBER_OBJECT_CONVERSION = YES_AGGRESSIVE;
				CLANG_CXX_LANGUAGE_STANDARD = "gnu++14";
				CLANG_CXX_LIBRARY = "libc++";
				CLANG_ENABLE_MODULES = YES;
				CLANG_ENABLE_OBJC_ARC = YES;
				CLANG_ENABLE_OBJC_WEAK = YES;
				CLANG_WARN_BLOCK_CAPTURE_AUTORELEASING = YES;
				CLANG_WARN_BOOL_CONVERSION = YES;
				CLANG_WARN_COMMA = YES;
				CLANG_WARN_CONSTANT_CONVERSION = YES;
				CLANG_WARN_DEPRECATED_OBJC_IMPLEMENTATIONS = YES;
				CLANG_WARN_DIRECT_OBJC_ISA_USAGE = YES_ERROR;
				CLANG_WARN_DOCUMENTATION_COMMENTS = YES;
				CLANG_WARN_EMPTY_BODY = YES;
				CLANG_WARN_ENUM_CONVERSION = YES;
				CLANG_WARN_INFINITE_RECURSION = YES;
				CLANG_WARN_INT_CONVERSION = YES;
				CLANG_WARN_NON_LITERAL_NULL_CONVERSION = YES;
				CLANG_WARN_OBJC_IMPLICIT_RETAIN_SELF = YES;
				CLANG_WARN_OBJC_LITERAL_CONVERSION = YES;
				CLANG_WARN_OBJC_ROOT_CLASS = YES_ERROR;
				CLANG_WARN_QUOTED_INCLUDE_IN_FRAMEWORK_HEADER = YES;
				CLANG_WARN_RANGE_LOOP_ANALYSIS = YES;
				CLANG_WARN_STRICT_PROTOTYPES = YES;
				CLANG_WARN_SUSPICIOUS_MOVE = YES;
				CLANG_WARN_UNGUARDED_AVAILABILITY = YES_AGGRESSIVE;
				CLANG_WARN_UNREACHABLE_CODE = YES;
				CLANG_WARN__DUPLICATE_METHOD_MATCH = YES;
				COPY_PHASE_STRIP = NO;
				DEBUG_INFORMATION_FORMAT = "dwarf-with-dsym";
				ENABLE_NS_ASSERTIONS = NO;
				ENABLE_STRICT_OBJC_MSGSEND = YES;
				GCC_C_LANGUAGE_STANDARD = gnu11;
				GCC_NO_COMMON_BLOCKS = YES;
				GCC_WARN_64_TO_32_BIT_CONVERSION = YES;
				GCC_WARN_ABOUT_RETURN_TYPE = YES_ERROR;
				GCC_WARN_UNDECLARED_SELECTOR = YES;
				GCC_WARN_UNINITIALIZED_AUTOS = YES_AGGRESSIVE;
				GCC_WARN_UNUSED_FUNCTION = YES;
				GCC_WARN_UNUSED_VARIABLE = YES;
				MTL_ENABLE_DEBUG_INFO = NO;
				MTL_FAST_MATH = YES;
				SWIFT_COMPILATION_MODE = wholemodule;
				SWIFT_OPTIMIZATION_LEVEL = "-O";
			};
			name = Release;
		};
		33353F0526F4E94300063078 /* Debug */ = {
			isa = XCBuildConfiguration;
			buildSettings = {
				ASSETCATALOG_COMPILER_APPICON_NAME = AppIcon;
				ASSETCATALOG_COMPILER_GLOBAL_ACCENT_COLOR_NAME = AccentColor;
				CODE_SIGN_STYLE = Automatic;
				DEVELOPMENT_TEAM = A7SGM6JEMA;
				ENABLE_PREVIEWS = YES;
				INFOPLIST_FILE = iOS/Info.plist;
				IPHONEOS_DEPLOYMENT_TARGET = 14.0;
				LD_RUNPATH_SEARCH_PATHS = (
					"$(inherited)",
					"@executable_path/Frameworks",
				);
				PRODUCT_BUNDLE_IDENTIFIER = com.esgi.MemoryLeaks;
				PRODUCT_NAME = MemoryLeaks;
				SDKROOT = iphoneos;
				SWIFT_VERSION = 5.0;
				TARGETED_DEVICE_FAMILY = "1,2";
			};
			name = Debug;
		};
		33353F0626F4E94300063078 /* Release */ = {
			isa = XCBuildConfiguration;
			buildSettings = {
				ASSETCATALOG_COMPILER_APPICON_NAME = AppIcon;
				ASSETCATALOG_COMPILER_GLOBAL_ACCENT_COLOR_NAME = AccentColor;
				CODE_SIGN_STYLE = Automatic;
				DEVELOPMENT_TEAM = A7SGM6JEMA;
				ENABLE_PREVIEWS = YES;
				INFOPLIST_FILE = iOS/Info.plist;
				IPHONEOS_DEPLOYMENT_TARGET = 14.0;
				LD_RUNPATH_SEARCH_PATHS = (
					"$(inherited)",
					"@executable_path/Frameworks",
				);
				PRODUCT_BUNDLE_IDENTIFIER = com.esgi.MemoryLeaks;
				PRODUCT_NAME = MemoryLeaks;
				SDKROOT = iphoneos;
				SWIFT_VERSION = 5.0;
				TARGETED_DEVICE_FAMILY = "1,2";
				VALIDATE_PRODUCT = YES;
			};
			name = Release;
		};
		33353F0826F4E94300063078 /* Debug */ = {
			isa = XCBuildConfiguration;
			buildSettings = {
				ASSETCATALOG_COMPILER_APPICON_NAME = AppIcon;
				ASSETCATALOG_COMPILER_GLOBAL_ACCENT_COLOR_NAME = AccentColor;
				CODE_SIGN_ENTITLEMENTS = macOS/macOS.entitlements;
				CODE_SIGN_STYLE = Automatic;
				COMBINE_HIDPI_IMAGES = YES;
				DEVELOPMENT_TEAM = A7SGM6JEMA;
				ENABLE_HARDENED_RUNTIME = YES;
				ENABLE_PREVIEWS = YES;
				INFOPLIST_FILE = macOS/Info.plist;
				LD_RUNPATH_SEARCH_PATHS = (
					"$(inherited)",
					"@executable_path/../Frameworks",
				);
				MACOSX_DEPLOYMENT_TARGET = 11.0;
				PRODUCT_BUNDLE_IDENTIFIER = com.esgi.MemoryLeaks;
				PRODUCT_NAME = MemoryLeaks;
				SDKROOT = macosx;
				SWIFT_VERSION = 5.0;
			};
			name = Debug;
		};
		33353F0926F4E94300063078 /* Release */ = {
			isa = XCBuildConfiguration;
			buildSettings = {
				ASSETCATALOG_COMPILER_APPICON_NAME = AppIcon;
				ASSETCATALOG_COMPILER_GLOBAL_ACCENT_COLOR_NAME = AccentColor;
				CODE_SIGN_ENTITLEMENTS = macOS/macOS.entitlements;
				CODE_SIGN_STYLE = Automatic;
				COMBINE_HIDPI_IMAGES = YES;
				DEVELOPMENT_TEAM = A7SGM6JEMA;
				ENABLE_HARDENED_RUNTIME = YES;
				ENABLE_PREVIEWS = YES;
				INFOPLIST_FILE = macOS/Info.plist;
				LD_RUNPATH_SEARCH_PATHS = (
					"$(inherited)",
					"@executable_path/../Frameworks",
				);
				MACOSX_DEPLOYMENT_TARGET = 11.0;
				PRODUCT_BUNDLE_IDENTIFIER = com.esgi.MemoryLeaks;
				PRODUCT_NAME = MemoryLeaks;
				SDKROOT = macosx;
				SWIFT_VERSION = 5.0;
			};
			name = Release;
		};
/* End XCBuildConfiguration section */

/* Begin XCConfigurationList section */
		33353EE726F4E93E00063078 /* Build configuration list for PBXProject "MemoryLeaks" */ = {
			isa = XCConfigurationList;
			buildConfigurations = (
				33353F0226F4E94200063078 /* Debug */,
				33353F0326F4E94200063078 /* Release */,
			);
			defaultConfigurationIsVisible = 0;
			defaultConfigurationName = Release;
		};
		33353F0426F4E94300063078 /* Build configuration list for PBXNativeTarget "MemoryLeaks (iOS)" */ = {
			isa = XCConfigurationList;
			buildConfigurations = (
				33353F0526F4E94300063078 /* Debug */,
				33353F0626F4E94300063078 /* Release */,
			);
			defaultConfigurationIsVisible = 0;
			defaultConfigurationName = Release;
		};
		33353F0726F4E94300063078 /* Build configuration list for PBXNativeTarget "MemoryLeaks (macOS)" */ = {
			isa = XCConfigurationList;
			buildConfigurations = (
				33353F0826F4E94300063078 /* Debug */,
				33353F0926F4E94300063078 /* Release */,
			);
			defaultConfigurationIsVisible = 0;
			defaultConfigurationName = Release;
		};
/* End XCConfigurationList section */
	};
	rootObject = 33353EE426F4E93E00063078 /* Project object */;
}
